// !$*UTF8*$!
{
	archiveVersion = 1;
	classes = {
	};
	objectVersion = 50;
	objects = {

/* Begin PBXBuildFile section */
		8C429C3923CD3EA900383327 /* ReadMe.md in Resources */ = {isa = PBXBuildFile; fileRef = 8C429C3823CD3EA900383327 /* ReadMe.md */; };
		8C547B1223CAA13B00825C70 /* AppDelegate.swift in Sources */ = {isa = PBXBuildFile; fileRef = 8C547B1123CAA13B00825C70 /* AppDelegate.swift */; };
		8C547B1423CAA13B00825C70 /* SceneDelegate.swift in Sources */ = {isa = PBXBuildFile; fileRef = 8C547B1323CAA13B00825C70 /* SceneDelegate.swift */; };
		8C547B1B23CAA13E00825C70 /* Assets.xcassets in Resources */ = {isa = PBXBuildFile; fileRef = 8C547B1A23CAA13E00825C70 /* Assets.xcassets */; };
		8C547B1E23CAA13E00825C70 /* LaunchScreen.storyboard in Resources */ = {isa = PBXBuildFile; fileRef = 8C547B1C23CAA13E00825C70 /* LaunchScreen.storyboard */; };
		8C547B2923CAA13E00825C70 /* TopAlbumsTests.swift in Sources */ = {isa = PBXBuildFile; fileRef = 8C547B2823CAA13E00825C70 /* TopAlbumsTests.swift */; };
		8C547B3623CAA4CF00825C70 /* TopAlbumsViewController.swift in Sources */ = {isa = PBXBuildFile; fileRef = 8C547B3523CAA4CF00825C70 /* TopAlbumsViewController.swift */; };
		8C547B3823CAA4FA00825C70 /* AlbumDetailsViewController.swift in Sources */ = {isa = PBXBuildFile; fileRef = 8C547B3723CAA4FA00825C70 /* AlbumDetailsViewController.swift */; };
		8C547B3A23CAA51900825C70 /* Constants.swift in Sources */ = {isa = PBXBuildFile; fileRef = 8C547B3923CAA51900825C70 /* Constants.swift */; };
		8C547B6A23CB303300825C70 /* AlbumTableViewCell.swift in Sources */ = {isa = PBXBuildFile; fileRef = 8C547B6923CB303300825C70 /* AlbumTableViewCell.swift */; };
		8C547B6D23CB999F00825C70 /* Feed.swift in Sources */ = {isa = PBXBuildFile; fileRef = 8C547B6C23CB999F00825C70 /* Feed.swift */; };
		8C547B7223CB9FCD00825C70 /* AlbumsAPIClient.swift in Sources */ = {isa = PBXBuildFile; fileRef = 8C547B7123CB9FCD00825C70 /* AlbumsAPIClient.swift */; };
		8C547B7523CBA16000825C70 /* AlbumListViewModel.swift in Sources */ = {isa = PBXBuildFile; fileRef = 8C547B7423CBA16000825C70 /* AlbumListViewModel.swift */; };
		8C547B7723CBA17100825C70 /* AlbumDetailViewModel.swift in Sources */ = {isa = PBXBuildFile; fileRef = 8C547B7623CBA17100825C70 /* AlbumDetailViewModel.swift */; };
/* End PBXBuildFile section */

/* Begin PBXContainerItemProxy section */
		8C547B2523CAA13E00825C70 /* PBXContainerItemProxy */ = {
			isa = PBXContainerItemProxy;
			containerPortal = 8C547B0623CAA13B00825C70 /* Project object */;
			proxyType = 1;
			remoteGlobalIDString = 8C547B0D23CAA13B00825C70;
			remoteInfo = TopAlbums;
		};
/* End PBXContainerItemProxy section */

/* Begin PBXFileReference section */
		8C429C3823CD3EA900383327 /* ReadMe.md */ = {isa = PBXFileReference; fileEncoding = 4; lastKnownFileType = net.daringfireball.markdown; path = ReadMe.md; sourceTree = "<group>"; };
		8C547B0E23CAA13B00825C70 /* TopAlbums.app */ = {isa = PBXFileReference; explicitFileType = wrapper.application; includeInIndex = 0; path = TopAlbums.app; sourceTree = BUILT_PRODUCTS_DIR; };
		8C547B1123CAA13B00825C70 /* AppDelegate.swift */ = {isa = PBXFileReference; lastKnownFileType = sourcecode.swift; path = AppDelegate.swift; sourceTree = "<group>"; };
		8C547B1323CAA13B00825C70 /* SceneDelegate.swift */ = {isa = PBXFileReference; lastKnownFileType = sourcecode.swift; path = SceneDelegate.swift; sourceTree = "<group>"; };
		8C547B1A23CAA13E00825C70 /* Assets.xcassets */ = {isa = PBXFileReference; lastKnownFileType = folder.assetcatalog; path = Assets.xcassets; sourceTree = "<group>"; };
		8C547B1D23CAA13E00825C70 /* Base */ = {isa = PBXFileReference; lastKnownFileType = file.storyboard; name = Base; path = Base.lproj/LaunchScreen.storyboard; sourceTree = "<group>"; };
		8C547B1F23CAA13E00825C70 /* Info.plist */ = {isa = PBXFileReference; lastKnownFileType = text.plist.xml; path = Info.plist; sourceTree = "<group>"; };
		8C547B2423CAA13E00825C70 /* TopAlbumsTests.xctest */ = {isa = PBXFileReference; explicitFileType = wrapper.cfbundle; includeInIndex = 0; path = TopAlbumsTests.xctest; sourceTree = BUILT_PRODUCTS_DIR; };
		8C547B2823CAA13E00825C70 /* TopAlbumsTests.swift */ = {isa = PBXFileReference; lastKnownFileType = sourcecode.swift; path = TopAlbumsTests.swift; sourceTree = "<group>"; };
		8C547B2A23CAA13E00825C70 /* Info.plist */ = {isa = PBXFileReference; lastKnownFileType = text.plist.xml; path = Info.plist; sourceTree = "<group>"; };
		8C547B3523CAA4CF00825C70 /* TopAlbumsViewController.swift */ = {isa = PBXFileReference; lastKnownFileType = sourcecode.swift; path = TopAlbumsViewController.swift; sourceTree = "<group>"; };
		8C547B3723CAA4FA00825C70 /* AlbumDetailsViewController.swift */ = {isa = PBXFileReference; lastKnownFileType = sourcecode.swift; path = AlbumDetailsViewController.swift; sourceTree = "<group>"; };
		8C547B3923CAA51900825C70 /* Constants.swift */ = {isa = PBXFileReference; lastKnownFileType = sourcecode.swift; path = Constants.swift; sourceTree = "<group>"; };
		8C547B6923CB303300825C70 /* AlbumTableViewCell.swift */ = {isa = PBXFileReference; lastKnownFileType = sourcecode.swift; path = AlbumTableViewCell.swift; sourceTree = "<group>"; };
		8C547B6C23CB999F00825C70 /* Feed.swift */ = {isa = PBXFileReference; lastKnownFileType = sourcecode.swift; path = Feed.swift; sourceTree = "<group>"; };
		8C547B7123CB9FCD00825C70 /* AlbumsAPIClient.swift */ = {isa = PBXFileReference; lastKnownFileType = sourcecode.swift; path = AlbumsAPIClient.swift; sourceTree = "<group>"; };
		8C547B7423CBA16000825C70 /* AlbumListViewModel.swift */ = {isa = PBXFileReference; lastKnownFileType = sourcecode.swift; path = AlbumListViewModel.swift; sourceTree = "<group>"; };
		8C547B7623CBA17100825C70 /* AlbumDetailViewModel.swift */ = {isa = PBXFileReference; lastKnownFileType = sourcecode.swift; path = AlbumDetailViewModel.swift; sourceTree = "<group>"; };
/* End PBXFileReference section */

/* Begin PBXFrameworksBuildPhase section */
		8C547B0B23CAA13B00825C70 /* Frameworks */ = {
			isa = PBXFrameworksBuildPhase;
			buildActionMask = 2147483647;
			files = (
			);
			runOnlyForDeploymentPostprocessing = 0;
		};
		8C547B2123CAA13E00825C70 /* Frameworks */ = {
			isa = PBXFrameworksBuildPhase;
			buildActionMask = 2147483647;
			files = (
			);
			runOnlyForDeploymentPostprocessing = 0;
		};
/* End PBXFrameworksBuildPhase section */

/* Begin PBXGroup section */
		8C547B0523CAA13B00825C70 = {
			isa = PBXGroup;
			children = (
				8C429C3823CD3EA900383327 /* ReadMe.md */,
				8C547B1023CAA13B00825C70 /* TopAlbums */,
				8C547B2723CAA13E00825C70 /* TopAlbumsTests */,
				8C547B0F23CAA13B00825C70 /* Products */,
			);
			sourceTree = "<group>";
		};
		8C547B0F23CAA13B00825C70 /* Products */ = {
			isa = PBXGroup;
			children = (
				8C547B0E23CAA13B00825C70 /* TopAlbums.app */,
				8C547B2423CAA13E00825C70 /* TopAlbumsTests.xctest */,
			);
			name = Products;
			sourceTree = "<group>";
		};
		8C547B1023CAA13B00825C70 /* TopAlbums */ = {
			isa = PBXGroup;
			children = (
				8C547B6B23CB997100825C70 /* Model */,
				8C547B7323CBA11100825C70 /* ViewModel */,
				8C547B6E23CB9D7700825C70 /* ViewController */,
				8C547B7023CB9DB700825C70 /* Network */,
				8C547B6F23CB9D9F00825C70 /* TableViewCell */,
				8C547B1123CAA13B00825C70 /* AppDelegate.swift */,
				8C547B1323CAA13B00825C70 /* SceneDelegate.swift */,
				8C547B1A23CAA13E00825C70 /* Assets.xcassets */,
				8C547B1C23CAA13E00825C70 /* LaunchScreen.storyboard */,
				8C547B1F23CAA13E00825C70 /* Info.plist */,
				8C547B3923CAA51900825C70 /* Constants.swift */,
			);
			path = TopAlbums;
			sourceTree = "<group>";
		};
		8C547B2723CAA13E00825C70 /* TopAlbumsTests */ = {
			isa = PBXGroup;
			children = (
				8C547B2823CAA13E00825C70 /* TopAlbumsTests.swift */,
				8C547B2A23CAA13E00825C70 /* Info.plist */,
			);
			path = TopAlbumsTests;
			sourceTree = "<group>";
		};
		8C547B6B23CB997100825C70 /* Model */ = {
			isa = PBXGroup;
			children = (
				8C547B6C23CB999F00825C70 /* Feed.swift */,
			);
			path = Model;
			sourceTree = "<group>";
		};
		8C547B6E23CB9D7700825C70 /* ViewController */ = {
			isa = PBXGroup;
			children = (
				8C547B3523CAA4CF00825C70 /* TopAlbumsViewController.swift */,
				8C547B3723CAA4FA00825C70 /* AlbumDetailsViewController.swift */,
			);
			path = ViewController;
			sourceTree = "<group>";
		};
		8C547B6F23CB9D9F00825C70 /* TableViewCell */ = {
			isa = PBXGroup;
			children = (
				8C547B6923CB303300825C70 /* AlbumTableViewCell.swift */,
			);
			path = TableViewCell;
			sourceTree = "<group>";
		};
		8C547B7023CB9DB700825C70 /* Network */ = {
			isa = PBXGroup;
			children = (
				8C547B7123CB9FCD00825C70 /* AlbumsAPIClient.swift */,
			);
			path = Network;
			sourceTree = "<group>";
		};
		8C547B7323CBA11100825C70 /* ViewModel */ = {
			isa = PBXGroup;
			children = (
				8C547B7423CBA16000825C70 /* AlbumListViewModel.swift */,
				8C547B7623CBA17100825C70 /* AlbumDetailViewModel.swift */,
			);
			path = ViewModel;
			sourceTree = "<group>";
		};
/* End PBXGroup section */

/* Begin PBXNativeTarget section */
		8C547B0D23CAA13B00825C70 /* TopAlbums */ = {
			isa = PBXNativeTarget;
			buildConfigurationList = 8C547B2D23CAA13E00825C70 /* Build configuration list for PBXNativeTarget "TopAlbums" */;
			buildPhases = (
				8C547B0A23CAA13B00825C70 /* Sources */,
				8C547B0B23CAA13B00825C70 /* Frameworks */,
				8C547B0C23CAA13B00825C70 /* Resources */,
			);
			buildRules = (
			);
			dependencies = (
			);
			name = TopAlbums;
			productName = TopAlbums;
			productReference = 8C547B0E23CAA13B00825C70 /* TopAlbums.app */;
			productType = "com.apple.product-type.application";
		};
		8C547B2323CAA13E00825C70 /* TopAlbumsTests */ = {
			isa = PBXNativeTarget;
			buildConfigurationList = 8C547B3023CAA13E00825C70 /* Build configuration list for PBXNativeTarget "TopAlbumsTests" */;
			buildPhases = (
				8C547B2023CAA13E00825C70 /* Sources */,
				8C547B2123CAA13E00825C70 /* Frameworks */,
				8C547B2223CAA13E00825C70 /* Resources */,
			);
			buildRules = (
			);
			dependencies = (
				8C547B2623CAA13E00825C70 /* PBXTargetDependency */,
			);
			name = TopAlbumsTests;
			productName = TopAlbumsTests;
			productReference = 8C547B2423CAA13E00825C70 /* TopAlbumsTests.xctest */;
			productType = "com.apple.product-type.bundle.unit-test";
		};
/* End PBXNativeTarget section */

/* Begin PBXProject section */
		8C547B0623CAA13B00825C70 /* Project object */ = {
			isa = PBXProject;
			attributes = {
				LastSwiftUpdateCheck = 1130;
				LastUpgradeCheck = 1130;
				ORGANIZATIONNAME = "Venkata Manoj Tunuguntla";
				TargetAttributes = {
					8C547B0D23CAA13B00825C70 = {
						CreatedOnToolsVersion = 11.3;
					};
					8C547B2323CAA13E00825C70 = {
						CreatedOnToolsVersion = 11.3;
						TestTargetID = 8C547B0D23CAA13B00825C70;
					};
				};
			};
			buildConfigurationList = 8C547B0923CAA13B00825C70 /* Build configuration list for PBXProject "TopAlbums" */;
			compatibilityVersion = "Xcode 9.3";
			developmentRegion = en;
			hasScannedForEncodings = 0;
			knownRegions = (
				en,
				Base,
			);
			mainGroup = 8C547B0523CAA13B00825C70;
			productRefGroup = 8C547B0F23CAA13B00825C70 /* Products */;
			projectDirPath = "";
			projectRoot = "";
			targets = (
				8C547B0D23CAA13B00825C70 /* TopAlbums */,
				8C547B2323CAA13E00825C70 /* TopAlbumsTests */,
			);
		};
/* End PBXProject section */

/* Begin PBXResourcesBuildPhase section */
		8C547B0C23CAA13B00825C70 /* Resources */ = {
			isa = PBXResourcesBuildPhase;
			buildActionMask = 2147483647;
			files = (
				8C547B1E23CAA13E00825C70 /* LaunchScreen.storyboard in Resources */,
				8C547B1B23CAA13E00825C70 /* Assets.xcassets in Resources */,
				8C429C3923CD3EA900383327 /* ReadMe.md in Resources */,
			);
			runOnlyForDeploymentPostprocessing = 0;
		};
		8C547B2223CAA13E00825C70 /* Resources */ = {
			isa = PBXResourcesBuildPhase;
			buildActionMask = 2147483647;
			files = (
			);
			runOnlyForDeploymentPostprocessing = 0;
		};
/* End PBXResourcesBuildPhase section */

/* Begin PBXSourcesBuildPhase section */
		8C547B0A23CAA13B00825C70 /* Sources */ = {
			isa = PBXSourcesBuildPhase;
			buildActionMask = 2147483647;
			files = (
				8C547B3A23CAA51900825C70 /* Constants.swift in Sources */,
				8C547B3623CAA4CF00825C70 /* TopAlbumsViewController.swift in Sources */,
				8C547B7523CBA16000825C70 /* AlbumListViewModel.swift in Sources */,
				8C547B1223CAA13B00825C70 /* AppDelegate.swift in Sources */,
				8C547B6D23CB999F00825C70 /* Feed.swift in Sources */,
				8C547B3823CAA4FA00825C70 /* AlbumDetailsViewController.swift in Sources */,
				8C547B7223CB9FCD00825C70 /* AlbumsAPIClient.swift in Sources */,
				8C547B1423CAA13B00825C70 /* SceneDelegate.swift in Sources */,
				8C547B6A23CB303300825C70 /* AlbumTableViewCell.swift in Sources */,
				8C547B7723CBA17100825C70 /* AlbumDetailViewModel.swift in Sources */,
			);
			runOnlyForDeploymentPostprocessing = 0;
		};
		8C547B2023CAA13E00825C70 /* Sources */ = {
			isa = PBXSourcesBuildPhase;
			buildActionMask = 2147483647;
			files = (
				8C547B2923CAA13E00825C70 /* TopAlbumsTests.swift in Sources */,
			);
			runOnlyForDeploymentPostprocessing = 0;
		};
/* End PBXSourcesBuildPhase section */

/* Begin PBXTargetDependency section */
		8C547B2623CAA13E00825C70 /* PBXTargetDependency */ = {
			isa = PBXTargetDependency;
			target = 8C547B0D23CAA13B00825C70 /* TopAlbums */;
			targetProxy = 8C547B2523CAA13E00825C70 /* PBXContainerItemProxy */;
		};
/* End PBXTargetDependency section */

/* Begin PBXVariantGroup section */
		8C547B1C23CAA13E00825C70 /* LaunchScreen.storyboard */ = {
			isa = PBXVariantGroup;
			children = (
				8C547B1D23CAA13E00825C70 /* Base */,
			);
			name = LaunchScreen.storyboard;
			sourceTree = "<group>";
		};
/* End PBXVariantGroup section */

/* Begin XCBuildConfiguration section */
		8C547B2B23CAA13E00825C70 /* Debug */ = {
			isa = XCBuildConfiguration;
			buildSettings = {
				ALWAYS_SEARCH_USER_PATHS = NO;
				CLANG_ANALYZER_NONNULL = YES;
				CLANG_ANALYZER_NUMBER_OBJECT_CONVERSION = YES_AGGRESSIVE;
				CLANG_CXX_LANGUAGE_STANDARD = "gnu++14";
				CLANG_CXX_LIBRARY = "libc++";
				CLANG_ENABLE_MODULES = YES;
				CLANG_ENABLE_OBJC_ARC = YES;
				CLANG_ENABLE_OBJC_WEAK = YES;
				CLANG_WARN_BLOCK_CAPTURE_AUTORELEASING = YES;
				CLANG_WARN_BOOL_CONVERSION = YES;
				CLANG_WARN_COMMA = YES;
				CLANG_WARN_CONSTANT_CONVERSION = YES;
				CLANG_WARN_DEPRECATED_OBJC_IMPLEMENTATIONS = YES;
				CLANG_WARN_DIRECT_OBJC_ISA_USAGE = YES_ERROR;
				CLANG_WARN_DOCUMENTATION_COMMENTS = YES;
				CLANG_WARN_EMPTY_BODY = YES;
				CLANG_WARN_ENUM_CONVERSION = YES;
				CLANG_WARN_INFINITE_RECURSION = YES;
				CLANG_WARN_INT_CONVERSION = YES;
				CLANG_WARN_NON_LITERAL_NULL_CONVERSION = YES;
				CLANG_WARN_OBJC_IMPLICIT_RETAIN_SELF = YES;
				CLANG_WARN_OBJC_LITERAL_CONVERSION = YES;
				CLANG_WARN_OBJC_ROOT_CLASS = YES_ERROR;
				CLANG_WARN_RANGE_LOOP_ANALYSIS = YES;
				CLANG_WARN_STRICT_PROTOTYPES = YES;
				CLANG_WARN_SUSPICIOUS_MOVE = YES;
				CLANG_WARN_UNGUARDED_AVAILABILITY = YES_AGGRESSIVE;
				CLANG_WARN_UNREACHABLE_CODE = YES;
				CLANG_WARN__DUPLICATE_METHOD_MATCH = YES;
				COPY_PHASE_STRIP = NO;
				DEBUG_INFORMATION_FORMAT = dwarf;
				ENABLE_STRICT_OBJC_MSGSEND = YES;
				ENABLE_TESTABILITY = YES;
				GCC_C_LANGUAGE_STANDARD = gnu11;
				GCC_DYNAMIC_NO_PIC = NO;
				GCC_NO_COMMON_BLOCKS = YES;
				GCC_OPTIMIZATION_LEVEL = 0;
				GCC_PREPROCESSOR_DEFINITIONS = (
					"DEBUG=1",
					"$(inherited)",
				);
				GCC_WARN_64_TO_32_BIT_CONVERSION = YES;
				GCC_WARN_ABOUT_RETURN_TYPE = YES_ERROR;
				GCC_WARN_UNDECLARED_SELECTOR = YES;
				GCC_WARN_UNINITIALIZED_AUTOS = YES_AGGRESSIVE;
				GCC_WARN_UNUSED_FUNCTION = YES;
				GCC_WARN_UNUSED_VARIABLE = YES;
				IPHONEOS_DEPLOYMENT_TARGET = 13.2;
				MTL_ENABLE_DEBUG_INFO = INCLUDE_SOURCE;
				MTL_FAST_MATH = YES;
				ONLY_ACTIVE_ARCH = YES;
				SDKROOT = iphoneos;
				SWIFT_ACTIVE_COMPILATION_CONDITIONS = DEBUG;
				SWIFT_OPTIMIZATION_LEVEL = "-Onone";
			};
			name = Debug;
		};
		8C547B2C23CAA13E00825C70 /* Release */ = {
			isa = XCBuildConfiguration;
			buildSettings = {
				ALWAYS_SEARCH_USER_PATHS = NO;
				CLANG_ANALYZER_NONNULL = YES;
				CLANG_ANALYZER_NUMBER_OBJECT_CONVERSION = YES_AGGRESSIVE;
				CLANG_CXX_LANGUAGE_STANDARD = "gnu++14";
				CLANG_CXX_LIBRARY = "libc++";
				CLANG_ENABLE_MODULES = YES;
				CLANG_ENABLE_OBJC_ARC = YES;
				CLANG_ENABLE_OBJC_WEAK = YES;
				CLANG_WARN_BLOCK_CAPTURE_AUTORELEASING = YES;
				CLANG_WARN_BOOL_CONVERSION = YES;
				CLANG_WARN_COMMA = YES;
				CLANG_WARN_CONSTANT_CONVERSION = YES;
				CLANG_WARN_DEPRECATED_OBJC_IMPLEMENTATIONS = YES;
				CLANG_WARN_DIRECT_OBJC_ISA_USAGE = YES_ERROR;
				CLANG_WARN_DOCUMENTATION_COMMENTS = YES;
				CLANG_WARN_EMPTY_BODY = YES;
				CLANG_WARN_ENUM_CONVERSION = YES;
				CLANG_WARN_INFINITE_RECURSION = YES;
				CLANG_WARN_INT_CONVERSION = YES;
				CLANG_WARN_NON_LITERAL_NULL_CONVERSION = YES;
				CLANG_WARN_OBJC_IMPLICIT_RETAIN_SELF = YES;
				CLANG_WARN_OBJC_LITERAL_CONVERSION = YES;
				CLANG_WARN_OBJC_ROOT_CLASS = YES_ERROR;
				CLANG_WARN_RANGE_LOOP_ANALYSIS = YES;
				CLANG_WARN_STRICT_PROTOTYPES = YES;
				CLANG_WARN_SUSPICIOUS_MOVE = YES;
				CLANG_WARN_UNGUARDED_AVAILABILITY = YES_AGGRESSIVE;
				CLANG_WARN_UNREACHABLE_CODE = YES;
				CLANG_WARN__DUPLICATE_METHOD_MATCH = YES;
				COPY_PHASE_STRIP = NO;
				DEBUG_INFORMATION_FORMAT = "dwarf-with-dsym";
				ENABLE_NS_ASSERTIONS = NO;
				ENABLE_STRICT_OBJC_MSGSEND = YES;
				GCC_C_LANGUAGE_STANDARD = gnu11;
				GCC_NO_COMMON_BLOCKS = YES;
				GCC_WARN_64_TO_32_BIT_CONVERSION = YES;
				GCC_WARN_ABOUT_RETURN_TYPE = YES_ERROR;
				GCC_WARN_UNDECLARED_SELECTOR = YES;
				GCC_WARN_UNINITIALIZED_AUTOS = YES_AGGRESSIVE;
				GCC_WARN_UNUSED_FUNCTION = YES;
				GCC_WARN_UNUSED_VARIABLE = YES;
				IPHONEOS_DEPLOYMENT_TARGET = 13.2;
				MTL_ENABLE_DEBUG_INFO = NO;
				MTL_FAST_MATH = YES;
				SDKROOT = iphoneos;
				SWIFT_COMPILATION_MODE = wholemodule;
				SWIFT_OPTIMIZATION_LEVEL = "-O";
				VALIDATE_PRODUCT = YES;
			};
			name = Release;
		};
		8C547B2E23CAA13E00825C70 /* Debug */ = {
			isa = XCBuildConfiguration;
			buildSettings = {
				ASSETCATALOG_COMPILER_APPICON_NAME = AppIcon;
				CODE_SIGN_STYLE = Manual;
				DEVELOPMENT_TEAM = "";
				INFOPLIST_FILE = TopAlbums/Info.plist;
				IPHONEOS_DEPLOYMENT_TARGET = 13.0;
				LD_RUNPATH_SEARCH_PATHS = (
					"$(inherited)",
					"@executable_path/Frameworks",
				);
				PRODUCT_BUNDLE_IDENTIFIER = com.vmt.TopAlbums;
				PRODUCT_NAME = "$(TARGET_NAME)";
				PROVISIONING_PROFILE_SPECIFIER = "";
				SWIFT_VERSION = 5.0;
				TARGETED_DEVICE_FAMILY = 1;
			};
			name = Debug;
		};
		8C547B2F23CAA13E00825C70 /* Release */ = {
			isa = XCBuildConfiguration;
			buildSettings = {
				ASSETCATALOG_COMPILER_APPICON_NAME = AppIcon;
				CODE_SIGN_STYLE = Manual;
				DEVELOPMENT_TEAM = "";
				INFOPLIST_FILE = TopAlbums/Info.plist;
				IPHONEOS_DEPLOYMENT_TARGET = 13.0;
				LD_RUNPATH_SEARCH_PATHS = (
					"$(inherited)",
					"@executable_path/Frameworks",
				);
				PRODUCT_BUNDLE_IDENTIFIER = com.vmt.TopAlbums;
				PRODUCT_NAME = "$(TARGET_NAME)";
				PROVISIONING_PROFILE_SPECIFIER = "";
				SWIFT_VERSION = 5.0;
				TARGETED_DEVICE_FAMILY = 1;
			};
			name = Release;
		};
		8C547B3123CAA13E00825C70 /* Debug */ = {
			isa = XCBuildConfiguration;
			buildSettings = {
				ALWAYS_EMBED_SWIFT_STANDARD_LIBRARIES = YES;
				BUNDLE_LOADER = "$(TEST_HOST)";
				CODE_SIGN_STYLE = Automatic;
				INFOPLIST_FILE = TopAlbumsTests/Info.plist;
				IPHONEOS_DEPLOYMENT_TARGET = 13.2;
				LD_RUNPATH_SEARCH_PATHS = (
					"$(inherited)",
					"@executable_path/Frameworks",
					"@loader_path/Frameworks",
				);
				PRODUCT_BUNDLE_IDENTIFIER = "com.vmt.20190416-VenkataManojTunuguntla-VMT.TopAlbumsTests";
				PRODUCT_NAME = "$(TARGET_NAME)";
				SWIFT_VERSION = 5.0;
				TARGETED_DEVICE_FAMILY = "1,2";
				TEST_HOST = "$(BUILT_PRODUCTS_DIR)/TopAlbums.app/TopAlbums";
			};
			name = Debug;
		};
		8C547B3223CAA13E00825C70 /* Release */ = {
			isa = XCBuildConfiguration;
			buildSettings = {
				ALWAYS_EMBED_SWIFT_STANDARD_LIBRARIES = YES;
				BUNDLE_LOADER = "$(TEST_HOST)";
				CODE_SIGN_STYLE = Automatic;
				INFOPLIST_FILE = TopAlbumsTests/Info.plist;
				IPHONEOS_DEPLOYMENT_TARGET = 13.2;
				LD_RUNPATH_SEARCH_PATHS = (
					"$(inherited)",
					"@executable_path/Frameworks",
					"@loader_path/Frameworks",
				);
				PRODUCT_BUNDLE_IDENTIFIER = "com.vmt.20190416-VenkataManojTunuguntla-VMT.TopAlbumsTests";
				PRODUCT_NAME = "$(TARGET_NAME)";
				SWIFT_VERSION = 5.0;
				TARGETED_DEVICE_FAMILY = "1,2";
				TEST_HOST = "$(BUILT_PRODUCTS_DIR)/TopAlbums.app/TopAlbums";
			};
			name = Release;
		};
/* End XCBuildConfiguration section */

/* Begin XCConfigurationList section */
		8C547B0923CAA13B00825C70 /* Build configuration list for PBXProject "TopAlbums" */ = {
			isa = XCConfigurationList;
			buildConfigurations = (
				8C547B2B23CAA13E00825C70 /* Debug */,
				8C547B2C23CAA13E00825C70 /* Release */,
			);
			defaultConfigurationIsVisible = 0;
			defaultConfigurationName = Release;
		};
		8C547B2D23CAA13E00825C70 /* Build configuration list for PBXNativeTarget "TopAlbums" */ = {
			isa = XCConfigurationList;
			buildConfigurations = (
				8C547B2E23CAA13E00825C70 /* Debug */,
				8C547B2F23CAA13E00825C70 /* Release */,
			);
			defaultConfigurationIsVisible = 0;
			defaultConfigurationName = Release;
		};
		8C547B3023CAA13E00825C70 /* Build configuration list for PBXNativeTarget "TopAlbumsTests" */ = {
			isa = XCConfigurationList;
			buildConfigurations = (
				8C547B3123CAA13E00825C70 /* Debug */,
				8C547B3223CAA13E00825C70 /* Release */,
			);
			defaultConfigurationIsVisible = 0;
			defaultConfigurationName = Release;
		};
/* End XCConfigurationList section */
	};
	rootObject = 8C547B0623CAA13B00825C70 /* Project object */;
}
